<?xml version="1.0" encoding="UTF-8"?>
<!DOCTYPE plist PUBLIC "-//Apple//DTD PLIST 1.0//EN" "http://www.apple.com/DTDs/PropertyList-1.0.dtd">
<plist version="1.0">
<dict>
	<key>archiveVersion</key>
	<string>1</string>
	<key>classes</key>
	<dict/>
	<key>objectVersion</key>
	<string>46</string>
	<key>objects</key>
	<dict>
		<key>001886EA815B1B87686399DC</key>
		<dict>
			<key>includeInIndex</key>
			<string>1</string>
			<key>isa</key>
			<string>PBXFileReference</string>
			<key>lastKnownFileType</key>
			<string>text.xcconfig</string>
			<key>name</key>
			<string>Pods-Tests.release.xcconfig</string>
			<key>path</key>
			<string>Pods/Target Support Files/Pods-Tests/Pods-Tests.release.xcconfig</string>
			<key>sourceTree</key>
			<string>&lt;group&gt;</string>
		</dict>
		<key>018CCA181AEE7BFD00D92EA5</key>
		<dict>
			<key>fileRef</key>
			<string>1C83A9151AEA58B7008800C7</string>
			<key>isa</key>
			<string>PBXBuildFile</string>
		</dict>
		<key>0B2E34207D3322142B931E30</key>
		<dict>
			<key>baseConfigurationReference</key>
			<string>BC1A7D1BE8FCB4F510F0BC60</string>
			<key>buildSettings</key>
			<dict>
				<key>ASSETCATALOG_COMPILER_APPICON_NAME</key>
				<string>AppIcon</string>
				<key>CODE_SIGN_IDENTITY[sdk=iphoneos*]</key>
				<string>iPhone Developer</string>
				<key>ENABLE_STRICT_OBJC_MSGSEND</key>
				<string>YES</string>
				<key>INFOPLIST_FILE</key>
				<string>Tests/Tests-Info.plist</string>
				<key>IPHONEOS_DEPLOYMENT_TARGET</key>
				<string>7.0</string>
				<key>LD_RUNPATH_SEARCH_PATHS</key>
				<string>$(inherited) @executable_path/Frameworks</string>
				<key>MTL_ENABLE_DEBUG_INFO</key>
				<string>YES</string>
				<key>PRODUCT_NAME</key>
				<string>$(TARGET_NAME)</string>
				<key>SDKROOT</key>
				<string>iphoneos</string>
			</dict>
			<key>isa</key>
			<string>XCBuildConfiguration</string>
			<key>name</key>
			<string>Debug</string>
		</dict>
		<key>11121FFBBE0D9B9217901079</key>
		<dict>
			<key>children</key>
			<array>
				<string>EE4CF93DE6383EF1C59C3AC4</string>
				<string>580C672DC9F18547070920B9</string>
				<string>4C215AFB2D8C15982DCDC4CD</string>
				<string>D87EAFA2ED03C831A481CE22</string>
			</array>
			<key>isa</key>
			<string>PBXGroup</string>
			<key>name</key>
			<string>Tests</string>
			<key>sourceTree</key>
			<string>&lt;group&gt;</string>
		</dict>
		<key>1AAFABB19957C5A4F2CFC73B</key>
		<dict>
			<key>buildActionMask</key>
			<string>2147483647</string>
			<key>files</key>
			<array/>
			<key>inputPaths</key>
			<array/>
			<key>isa</key>
			<string>PBXShellScriptBuildPhase</string>
			<key>name</key>
			<string>Copy Pods Resources</string>
			<key>outputPaths</key>
			<array/>
			<key>runOnlyForDeploymentPostprocessing</key>
			<string>0</string>
			<key>shellPath</key>
			<string>/bin/sh</string>
			<key>shellScript</key>
			<string>"${SRCROOT}/Pods/Target Support Files/Pods-Tests/Pods-Tests-resources.sh"
</string>
			<key>showEnvVarsInLog</key>
			<string>0</string>
		</dict>
		<key>1C0A71EB1AD52DFE00D357FA</key>
		<dict>
			<key>children</key>
			<array>
				<string>1C0A71F61AD52DFE00D357FA</string>
				<string>1C0A72101AD52DFE00D357FA</string>
				<string>1C0A71F51AD52DFE00D357FA</string>
				<string>795263AA10AB6A93DE22B668</string>
				<string>11121FFBBE0D9B9217901079</string>
				<string>E6664358EC204A35A30DB687</string>
			</array>
			<key>isa</key>
			<string>PBXGroup</string>
			<key>sourceTree</key>
			<string>&lt;group&gt;</string>
		</dict>
		<key>1C0A71EC1AD52DFE00D357FA</key>
		<dict>
			<key>attributes</key>
			<dict>
				<key>LastUpgradeCheck</key>
				<string>0620</string>
				<key>ORGANIZATIONNAME</key>
				<string>DaidoujiChen</string>
				<key>TargetAttributes</key>
				<dict>
					<key>1C0A71F31AD52DFE00D357FA</key>
					<dict>
						<key>CreatedOnToolsVersion</key>
						<string>6.2</string>
					</dict>
					<key>1C0A720C1AD52DFE00D357FA</key>
					<dict>
						<key>CreatedOnToolsVersion</key>
						<string>6.2</string>
						<key>TestTargetID</key>
						<string>1C0A71F31AD52DFE00D357FA</string>
					</dict>
				</dict>
			</dict>
			<key>buildConfigurationList</key>
			<string>1C0A71EF1AD52DFE00D357FA</string>
			<key>compatibilityVersion</key>
			<string>Xcode 3.2</string>
			<key>developmentRegion</key>
			<string>English</string>
			<key>hasScannedForEncodings</key>
			<string>0</string>
			<key>isa</key>
			<string>PBXProject</string>
			<key>knownRegions</key>
			<array>
				<string>en</string>
				<string>Base</string>
			</array>
			<key>mainGroup</key>
			<string>1C0A71EB1AD52DFE00D357FA</string>
			<key>productRefGroup</key>
			<string>1C0A71F51AD52DFE00D357FA</string>
			<key>projectDirPath</key>
			<string></string>
			<key>projectReferences</key>
			<array/>
			<key>projectRoot</key>
			<string></string>
			<key>targets</key>
			<array>
				<string>1C0A71F31AD52DFE00D357FA</string>
				<string>1C0A720C1AD52DFE00D357FA</string>
				<string>5B7DB57BFCB01B0195865561</string>
			</array>
		</dict>
		<key>1C0A71EF1AD52DFE00D357FA</key>
		<dict>
			<key>buildConfigurations</key>
			<array>
				<string>1C0A72151AD52DFE00D357FA</string>
				<string>1C0A72161AD52DFE00D357FA</string>
			</array>
			<key>defaultConfigurationIsVisible</key>
			<string>0</string>
			<key>defaultConfigurationName</key>
			<string>Release</string>
			<key>isa</key>
			<string>XCConfigurationList</string>
		</dict>
		<key>1C0A71F01AD52DFE00D357FA</key>
		<dict>
			<key>buildActionMask</key>
			<string>2147483647</string>
			<key>files</key>
			<array>
				<string>1CCF8B671AE784B800F8E229</string>
				<string>1CCF8B611AE7820F00F8E229</string>
				<string>1C0A71FD1AD52DFE00D357FA</string>
				<string>1C0A72201AD52E3900D357FA</string>
				<string>1C5C9BFD1AE780A9001969C3</string>
				<string>1C5C9BFC1AE780A9001969C3</string>
				<string>1C0A71FA1AD52DFE00D357FA</string>
				<string>1C83A9161AEA58B7008800C7</string>
				<string>1C5C9BFB1AE780A9001969C3</string>
				<string>1CCF8B641AE7828400F8E229</string>
				<string>1C5C9BFA1AE780A9001969C3</string>
				<string>1C5C9BF91AE780A9001969C3</string>
			</array>
			<key>isa</key>
			<string>PBXSourcesBuildPhase</string>
			<key>runOnlyForDeploymentPostprocessing</key>
			<string>0</string>
		</dict>
		<key>1C0A71F11AD52DFE00D357FA</key>
		<dict>
			<key>buildActionMask</key>
			<string>2147483647</string>
			<key>files</key>
			<array/>
			<key>isa</key>
			<string>PBXFrameworksBuildPhase</string>
			<key>runOnlyForDeploymentPostprocessing</key>
			<string>0</string>
		</dict>
		<key>1C0A71F21AD52DFE00D357FA</key>
		<dict>
			<key>buildActionMask</key>
			<string>2147483647</string>
			<key>files</key>
			<array>
				<string>1C0A72051AD52DFE00D357FA</string>
				<string>1C0A72211AD52E3900D357FA</string>
				<string>1C0A72231AD52E8500D357FA</string>
			</array>
			<key>isa</key>
			<string>PBXResourcesBuildPhase</string>
			<key>runOnlyForDeploymentPostprocessing</key>
			<string>0</string>
		</dict>
		<key>1C0A71F31AD52DFE00D357FA</key>
		<dict>
			<key>buildConfigurationList</key>
			<string>1C0A72171AD52DFE00D357FA</string>
			<key>buildPhases</key>
			<array>
				<string>1C0A71F01AD52DFE00D357FA</string>
				<string>1C0A71F11AD52DFE00D357FA</string>
				<string>1C0A71F21AD52DFE00D357FA</string>
			</array>
			<key>buildRules</key>
			<array/>
			<key>dependencies</key>
			<array/>
			<key>isa</key>
			<string>PBXNativeTarget</string>
			<key>name</key>
			<string>DaiStorage</string>
			<key>productName</key>
			<string>DaiStorage</string>
			<key>productReference</key>
			<string>1C0A71F41AD52DFE00D357FA</string>
			<key>productType</key>
			<string>com.apple.product-type.application</string>
		</dict>
		<key>1C0A71F41AD52DFE00D357FA</key>
		<dict>
			<key>explicitFileType</key>
			<string>wrapper.application</string>
			<key>includeInIndex</key>
			<string>0</string>
			<key>isa</key>
			<string>PBXFileReference</string>
			<key>path</key>
			<string>DaiStorage.app</string>
			<key>sourceTree</key>
			<string>BUILT_PRODUCTS_DIR</string>
		</dict>
		<key>1C0A71F51AD52DFE00D357FA</key>
		<dict>
			<key>children</key>
			<array>
				<string>1C0A71F41AD52DFE00D357FA</string>
				<string>1C0A720D1AD52DFE00D357FA</string>
				<string>5ABBDB1D7BB0D7B84A894649</string>
			</array>
			<key>isa</key>
			<string>PBXGroup</string>
			<key>name</key>
			<string>Products</string>
			<key>sourceTree</key>
			<string>&lt;group&gt;</string>
		</dict>
		<key>1C0A71F61AD52DFE00D357FA</key>
		<dict>
			<key>children</key>
			<array>
				<string>1C0A72241AD52EFD00D357FA</string>
				<string>1CCF8B5E1AE781C300F8E229</string>
				<string>1C0A71FB1AD52DFE00D357FA</string>
				<string>1C0A71FC1AD52DFE00D357FA</string>
				<string>1C0A721D1AD52E3900D357FA</string>
				<string>1C0A721E1AD52E3900D357FA</string>
				<string>1C0A721F1AD52E3900D357FA</string>
				<string>1C0A72041AD52DFE00D357FA</string>
				<string>1C0A71F71AD52DFE00D357FA</string>
			</array>
			<key>isa</key>
			<string>PBXGroup</string>
			<key>path</key>
			<string>DaiStorage</string>
			<key>sourceTree</key>
			<string>&lt;group&gt;</string>
		</dict>
		<key>1C0A71F71AD52DFE00D357FA</key>
		<dict>
			<key>children</key>
			<array>
				<string>1C0A72221AD52E8500D357FA</string>
				<string>1C0A71F81AD52DFE00D357FA</string>
				<string>1C0A71F91AD52DFE00D357FA</string>
			</array>
			<key>isa</key>
			<string>PBXGroup</string>
			<key>name</key>
			<string>Supporting Files</string>
			<key>sourceTree</key>
			<string>&lt;group&gt;</string>
		</dict>
		<key>1C0A71F81AD52DFE00D357FA</key>
		<dict>
			<key>isa</key>
			<string>PBXFileReference</string>
			<key>lastKnownFileType</key>
			<string>text.plist.xml</string>
			<key>path</key>
			<string>Info.plist</string>
			<key>sourceTree</key>
			<string>&lt;group&gt;</string>
		</dict>
		<key>1C0A71F91AD52DFE00D357FA</key>
		<dict>
			<key>isa</key>
			<string>PBXFileReference</string>
			<key>lastKnownFileType</key>
			<string>sourcecode.c.objc</string>
			<key>path</key>
			<string>main.m</string>
			<key>sourceTree</key>
			<string>&lt;group&gt;</string>
		</dict>
		<key>1C0A71FA1AD52DFE00D357FA</key>
		<dict>
			<key>fileRef</key>
			<string>1C0A71F91AD52DFE00D357FA</string>
			<key>isa</key>
			<string>PBXBuildFile</string>
		</dict>
		<key>1C0A71FB1AD52DFE00D357FA</key>
		<dict>
			<key>isa</key>
			<string>PBXFileReference</string>
			<key>lastKnownFileType</key>
			<string>sourcecode.c.h</string>
			<key>path</key>
			<string>AppDelegate.h</string>
			<key>sourceTree</key>
			<string>&lt;group&gt;</string>
		</dict>
		<key>1C0A71FC1AD52DFE00D357FA</key>
		<dict>
			<key>isa</key>
			<string>PBXFileReference</string>
			<key>lastKnownFileType</key>
			<string>sourcecode.c.objc</string>
			<key>path</key>
			<string>AppDelegate.m</string>
			<key>sourceTree</key>
			<string>&lt;group&gt;</string>
		</dict>
		<key>1C0A71FD1AD52DFE00D357FA</key>
		<dict>
			<key>fileRef</key>
			<string>1C0A71FC1AD52DFE00D357FA</string>
			<key>isa</key>
			<string>PBXBuildFile</string>
		</dict>
		<key>1C0A72041AD52DFE00D357FA</key>
		<dict>
			<key>isa</key>
			<string>PBXFileReference</string>
			<key>lastKnownFileType</key>
			<string>folder.assetcatalog</string>
			<key>path</key>
			<string>Images.xcassets</string>
			<key>sourceTree</key>
			<string>&lt;group&gt;</string>
		</dict>
		<key>1C0A72051AD52DFE00D357FA</key>
		<dict>
			<key>fileRef</key>
			<string>1C0A72041AD52DFE00D357FA</string>
			<key>isa</key>
			<string>PBXBuildFile</string>
		</dict>
		<key>1C0A72091AD52DFE00D357FA</key>
		<dict>
			<key>buildActionMask</key>
			<string>2147483647</string>
			<key>files</key>
			<array>
				<string>1C0A72141AD52DFE00D357FA</string>
			</array>
			<key>isa</key>
			<string>PBXSourcesBuildPhase</string>
			<key>runOnlyForDeploymentPostprocessing</key>
			<string>0</string>
		</dict>
		<key>1C0A720A1AD52DFE00D357FA</key>
		<dict>
			<key>buildActionMask</key>
			<string>2147483647</string>
			<key>files</key>
			<array/>
			<key>isa</key>
			<string>PBXFrameworksBuildPhase</string>
			<key>runOnlyForDeploymentPostprocessing</key>
			<string>0</string>
		</dict>
		<key>1C0A720B1AD52DFE00D357FA</key>
		<dict>
			<key>buildActionMask</key>
			<string>2147483647</string>
			<key>files</key>
			<array/>
			<key>isa</key>
			<string>PBXResourcesBuildPhase</string>
			<key>runOnlyForDeploymentPostprocessing</key>
			<string>0</string>
		</dict>
		<key>1C0A720C1AD52DFE00D357FA</key>
		<dict>
			<key>buildConfigurationList</key>
			<string>1C0A721A1AD52DFE00D357FA</string>
			<key>buildPhases</key>
			<array>
				<string>1C0A72091AD52DFE00D357FA</string>
				<string>1C0A720A1AD52DFE00D357FA</string>
				<string>1C0A720B1AD52DFE00D357FA</string>
			</array>
			<key>buildRules</key>
			<array/>
			<key>dependencies</key>
			<array>
				<string>1C0A720F1AD52DFE00D357FA</string>
			</array>
			<key>isa</key>
			<string>PBXNativeTarget</string>
			<key>name</key>
			<string>DaiStorageTests</string>
			<key>productName</key>
			<string>DaiStorageTests</string>
			<key>productReference</key>
			<string>1C0A720D1AD52DFE00D357FA</string>
			<key>productType</key>
			<string>com.apple.product-type.bundle.unit-test</string>
		</dict>
		<key>1C0A720D1AD52DFE00D357FA</key>
		<dict>
			<key>explicitFileType</key>
			<string>wrapper.cfbundle</string>
			<key>includeInIndex</key>
			<string>0</string>
			<key>isa</key>
			<string>PBXFileReference</string>
			<key>path</key>
			<string>DaiStorageTests.xctest</string>
			<key>sourceTree</key>
			<string>BUILT_PRODUCTS_DIR</string>
		</dict>
		<key>1C0A720E1AD52DFE00D357FA</key>
		<dict>
			<key>containerPortal</key>
			<string>1C0A71EC1AD52DFE00D357FA</string>
			<key>isa</key>
			<string>PBXContainerItemProxy</string>
			<key>proxyType</key>
			<string>1</string>
			<key>remoteGlobalIDString</key>
			<string>1C0A71F31AD52DFE00D357FA</string>
			<key>remoteInfo</key>
			<string>DaiStorage</string>
		</dict>
		<key>1C0A720F1AD52DFE00D357FA</key>
		<dict>
			<key>isa</key>
			<string>PBXTargetDependency</string>
			<key>target</key>
			<string>1C0A71F31AD52DFE00D357FA</string>
			<key>targetProxy</key>
			<string>1C0A720E1AD52DFE00D357FA</string>
		</dict>
		<key>1C0A72101AD52DFE00D357FA</key>
		<dict>
			<key>children</key>
			<array>
				<string>1C0A72131AD52DFE00D357FA</string>
				<string>1C0A72111AD52DFE00D357FA</string>
			</array>
			<key>isa</key>
			<string>PBXGroup</string>
			<key>path</key>
			<string>DaiStorageTests</string>
			<key>sourceTree</key>
			<string>&lt;group&gt;</string>
		</dict>
		<key>1C0A72111AD52DFE00D357FA</key>
		<dict>
			<key>children</key>
			<array>
				<string>1C0A72121AD52DFE00D357FA</string>
			</array>
			<key>isa</key>
			<string>PBXGroup</string>
			<key>name</key>
			<string>Supporting Files</string>
			<key>sourceTree</key>
			<string>&lt;group&gt;</string>
		</dict>
		<key>1C0A72121AD52DFE00D357FA</key>
		<dict>
			<key>isa</key>
			<string>PBXFileReference</string>
			<key>lastKnownFileType</key>
			<string>text.plist.xml</string>
			<key>path</key>
			<string>Info.plist</string>
			<key>sourceTree</key>
			<string>&lt;group&gt;</string>
		</dict>
		<key>1C0A72131AD52DFE00D357FA</key>
		<dict>
			<key>isa</key>
			<string>PBXFileReference</string>
			<key>lastKnownFileType</key>
			<string>sourcecode.c.objc</string>
			<key>path</key>
			<string>DaiStorageTests.m</string>
			<key>sourceTree</key>
			<string>&lt;group&gt;</string>
		</dict>
		<key>1C0A72141AD52DFE00D357FA</key>
		<dict>
			<key>fileRef</key>
			<string>1C0A72131AD52DFE00D357FA</string>
			<key>isa</key>
			<string>PBXBuildFile</string>
		</dict>
		<key>1C0A72151AD52DFE00D357FA</key>
		<dict>
			<key>buildSettings</key>
			<dict>
				<key>ALWAYS_SEARCH_USER_PATHS</key>
				<string>NO</string>
				<key>CLANG_CXX_LANGUAGE_STANDARD</key>
				<string>gnu++0x</string>
				<key>CLANG_CXX_LIBRARY</key>
				<string>libc++</string>
				<key>CLANG_ENABLE_MODULES</key>
				<string>YES</string>
				<key>CLANG_ENABLE_OBJC_ARC</key>
				<string>YES</string>
				<key>CLANG_WARN_BOOL_CONVERSION</key>
				<string>YES</string>
				<key>CLANG_WARN_CONSTANT_CONVERSION</key>
				<string>YES</string>
				<key>CLANG_WARN_DIRECT_OBJC_ISA_USAGE</key>
				<string>YES_ERROR</string>
				<key>CLANG_WARN_EMPTY_BODY</key>
				<string>YES</string>
				<key>CLANG_WARN_ENUM_CONVERSION</key>
				<string>YES</string>
				<key>CLANG_WARN_INT_CONVERSION</key>
				<string>YES</string>
				<key>CLANG_WARN_OBJC_ROOT_CLASS</key>
				<string>YES_ERROR</string>
				<key>CLANG_WARN_UNREACHABLE_CODE</key>
				<string>YES</string>
				<key>CLANG_WARN__DUPLICATE_METHOD_MATCH</key>
				<string>YES</string>
				<key>CODE_SIGN_IDENTITY[sdk=iphoneos*]</key>
				<string>iPhone Developer</string>
				<key>COPY_PHASE_STRIP</key>
				<string>NO</string>
				<key>ENABLE_STRICT_OBJC_MSGSEND</key>
				<string>YES</string>
				<key>GCC_C_LANGUAGE_STANDARD</key>
				<string>gnu99</string>
				<key>GCC_DYNAMIC_NO_PIC</key>
				<string>NO</string>
				<key>GCC_OPTIMIZATION_LEVEL</key>
				<string>0</string>
				<key>GCC_PREPROCESSOR_DEFINITIONS</key>
				<array>
					<string>DEBUG=1</string>
					<string>$(inherited)</string>
				</array>
				<key>GCC_SYMBOLS_PRIVATE_EXTERN</key>
				<string>NO</string>
				<key>GCC_WARN_64_TO_32_BIT_CONVERSION</key>
				<string>YES</string>
				<key>GCC_WARN_ABOUT_RETURN_TYPE</key>
				<string>YES_ERROR</string>
				<key>GCC_WARN_UNDECLARED_SELECTOR</key>
				<string>YES</string>
				<key>GCC_WARN_UNINITIALIZED_AUTOS</key>
				<string>YES_AGGRESSIVE</string>
				<key>GCC_WARN_UNUSED_FUNCTION</key>
				<string>YES</string>
				<key>GCC_WARN_UNUSED_VARIABLE</key>
				<string>YES</string>
				<key>IPHONEOS_DEPLOYMENT_TARGET</key>
				<string>8.2</string>
				<key>MTL_ENABLE_DEBUG_INFO</key>
				<string>YES</string>
				<key>ONLY_ACTIVE_ARCH</key>
				<string>YES</string>
				<key>SDKROOT</key>
				<string>iphoneos</string>
			</dict>
			<key>isa</key>
			<string>XCBuildConfiguration</string>
			<key>name</key>
			<string>Debug</string>
		</dict>
		<key>1C0A72161AD52DFE00D357FA</key>
		<dict>
			<key>buildSettings</key>
			<dict>
				<key>ALWAYS_SEARCH_USER_PATHS</key>
				<string>NO</string>
				<key>CLANG_CXX_LANGUAGE_STANDARD</key>
				<string>gnu++0x</string>
				<key>CLANG_CXX_LIBRARY</key>
				<string>libc++</string>
				<key>CLANG_ENABLE_MODULES</key>
				<string>YES</string>
				<key>CLANG_ENABLE_OBJC_ARC</key>
				<string>YES</string>
				<key>CLANG_WARN_BOOL_CONVERSION</key>
				<string>YES</string>
				<key>CLANG_WARN_CONSTANT_CONVERSION</key>
				<string>YES</string>
				<key>CLANG_WARN_DIRECT_OBJC_ISA_USAGE</key>
				<string>YES_ERROR</string>
				<key>CLANG_WARN_EMPTY_BODY</key>
				<string>YES</string>
				<key>CLANG_WARN_ENUM_CONVERSION</key>
				<string>YES</string>
				<key>CLANG_WARN_INT_CONVERSION</key>
				<string>YES</string>
				<key>CLANG_WARN_OBJC_ROOT_CLASS</key>
				<string>YES_ERROR</string>
				<key>CLANG_WARN_UNREACHABLE_CODE</key>
				<string>YES</string>
				<key>CLANG_WARN__DUPLICATE_METHOD_MATCH</key>
				<string>YES</string>
				<key>CODE_SIGN_IDENTITY[sdk=iphoneos*]</key>
				<string>iPhone Developer</string>
				<key>COPY_PHASE_STRIP</key>
				<string>NO</string>
				<key>ENABLE_NS_ASSERTIONS</key>
				<string>NO</string>
				<key>ENABLE_STRICT_OBJC_MSGSEND</key>
				<string>YES</string>
				<key>GCC_C_LANGUAGE_STANDARD</key>
				<string>gnu99</string>
				<key>GCC_WARN_64_TO_32_BIT_CONVERSION</key>
				<string>YES</string>
				<key>GCC_WARN_ABOUT_RETURN_TYPE</key>
				<string>YES_ERROR</string>
				<key>GCC_WARN_UNDECLARED_SELECTOR</key>
				<string>YES</string>
				<key>GCC_WARN_UNINITIALIZED_AUTOS</key>
				<string>YES_AGGRESSIVE</string>
				<key>GCC_WARN_UNUSED_FUNCTION</key>
				<string>YES</string>
				<key>GCC_WARN_UNUSED_VARIABLE</key>
				<string>YES</string>
				<key>IPHONEOS_DEPLOYMENT_TARGET</key>
				<string>8.2</string>
				<key>MTL_ENABLE_DEBUG_INFO</key>
				<string>NO</string>
				<key>SDKROOT</key>
				<string>iphoneos</string>
				<key>VALIDATE_PRODUCT</key>
				<string>YES</string>
			</dict>
			<key>isa</key>
			<string>XCBuildConfiguration</string>
			<key>name</key>
			<string>Release</string>
		</dict>
		<key>1C0A72171AD52DFE00D357FA</key>
		<dict>
			<key>buildConfigurations</key>
			<array>
				<string>1C0A72181AD52DFE00D357FA</string>
				<string>1C0A72191AD52DFE00D357FA</string>
			</array>
			<key>defaultConfigurationIsVisible</key>
			<string>0</string>
			<key>defaultConfigurationName</key>
			<string>Release</string>
			<key>isa</key>
			<string>XCConfigurationList</string>
		</dict>
		<key>1C0A72181AD52DFE00D357FA</key>
		<dict>
			<key>buildSettings</key>
			<dict>
				<key>ASSETCATALOG_COMPILER_APPICON_NAME</key>
				<string>AppIcon</string>
				<key>INFOPLIST_FILE</key>
				<string>DaiStorage/Info.plist</string>
				<key>LD_RUNPATH_SEARCH_PATHS</key>
				<string>$(inherited) @executable_path/Frameworks</string>
				<key>PRODUCT_NAME</key>
				<string>$(TARGET_NAME)</string>
			</dict>
			<key>isa</key>
			<string>XCBuildConfiguration</string>
			<key>name</key>
			<string>Debug</string>
		</dict>
		<key>1C0A72191AD52DFE00D357FA</key>
		<dict>
			<key>buildSettings</key>
			<dict>
				<key>ASSETCATALOG_COMPILER_APPICON_NAME</key>
				<string>AppIcon</string>
				<key>INFOPLIST_FILE</key>
				<string>DaiStorage/Info.plist</string>
				<key>LD_RUNPATH_SEARCH_PATHS</key>
				<string>$(inherited) @executable_path/Frameworks</string>
				<key>PRODUCT_NAME</key>
				<string>$(TARGET_NAME)</string>
			</dict>
			<key>isa</key>
			<string>XCBuildConfiguration</string>
			<key>name</key>
			<string>Release</string>
		</dict>
		<key>1C0A721A1AD52DFE00D357FA</key>
		<dict>
			<key>buildConfigurations</key>
			<array>
				<string>1C0A721B1AD52DFE00D357FA</string>
				<string>1C0A721C1AD52DFE00D357FA</string>
			</array>
			<key>defaultConfigurationIsVisible</key>
			<string>0</string>
			<key>defaultConfigurationName</key>
			<string>Release</string>
			<key>isa</key>
			<string>XCConfigurationList</string>
		</dict>
		<key>1C0A721B1AD52DFE00D357FA</key>
		<dict>
			<key>buildSettings</key>
			<dict>
				<key>BUNDLE_LOADER</key>
				<string>$(TEST_HOST)</string>
				<key>FRAMEWORK_SEARCH_PATHS</key>
				<array>
					<string>$(SDKROOT)/Developer/Library/Frameworks</string>
					<string>$(inherited)</string>
				</array>
				<key>GCC_PREPROCESSOR_DEFINITIONS</key>
				<array>
					<string>DEBUG=1</string>
					<string>$(inherited)</string>
				</array>
				<key>INFOPLIST_FILE</key>
				<string>DaiStorageTests/Info.plist</string>
				<key>LD_RUNPATH_SEARCH_PATHS</key>
				<string>$(inherited) @executable_path/Frameworks @loader_path/Frameworks</string>
				<key>PRODUCT_NAME</key>
				<string>$(TARGET_NAME)</string>
				<key>TEST_HOST</key>
				<string>$(BUILT_PRODUCTS_DIR)/DaiStorage.app/DaiStorage</string>
			</dict>
			<key>isa</key>
			<string>XCBuildConfiguration</string>
			<key>name</key>
			<string>Debug</string>
		</dict>
		<key>1C0A721C1AD52DFE00D357FA</key>
		<dict>
			<key>buildSettings</key>
			<dict>
				<key>BUNDLE_LOADER</key>
				<string>$(TEST_HOST)</string>
				<key>FRAMEWORK_SEARCH_PATHS</key>
				<array>
					<string>$(SDKROOT)/Developer/Library/Frameworks</string>
					<string>$(inherited)</string>
				</array>
				<key>INFOPLIST_FILE</key>
				<string>DaiStorageTests/Info.plist</string>
				<key>LD_RUNPATH_SEARCH_PATHS</key>
				<string>$(inherited) @executable_path/Frameworks @loader_path/Frameworks</string>
				<key>PRODUCT_NAME</key>
				<string>$(TARGET_NAME)</string>
				<key>TEST_HOST</key>
				<string>$(BUILT_PRODUCTS_DIR)/DaiStorage.app/DaiStorage</string>
			</dict>
			<key>isa</key>
			<string>XCBuildConfiguration</string>
			<key>name</key>
			<string>Release</string>
		</dict>
		<key>1C0A721D1AD52E3900D357FA</key>
		<dict>
			<key>fileEncoding</key>
			<string>4</string>
			<key>isa</key>
			<string>PBXFileReference</string>
			<key>lastKnownFileType</key>
			<string>sourcecode.c.h</string>
			<key>path</key>
			<string>MainViewController.h</string>
			<key>sourceTree</key>
			<string>&lt;group&gt;</string>
		</dict>
		<key>1C0A721E1AD52E3900D357FA</key>
		<dict>
			<key>fileEncoding</key>
			<string>4</string>
			<key>isa</key>
			<string>PBXFileReference</string>
			<key>lastKnownFileType</key>
			<string>sourcecode.c.objc</string>
			<key>path</key>
			<string>MainViewController.m</string>
			<key>sourceTree</key>
			<string>&lt;group&gt;</string>
		</dict>
		<key>1C0A721F1AD52E3900D357FA</key>
		<dict>
			<key>fileEncoding</key>
			<string>4</string>
			<key>isa</key>
			<string>PBXFileReference</string>
			<key>lastKnownFileType</key>
			<string>file.xib</string>
			<key>path</key>
			<string>MainViewController.xib</string>
			<key>sourceTree</key>
			<string>&lt;group&gt;</string>
		</dict>
		<key>1C0A72201AD52E3900D357FA</key>
		<dict>
			<key>fileRef</key>
			<string>1C0A721E1AD52E3900D357FA</string>
			<key>isa</key>
			<string>PBXBuildFile</string>
		</dict>
		<key>1C0A72211AD52E3900D357FA</key>
		<dict>
			<key>fileRef</key>
			<string>1C0A721F1AD52E3900D357FA</string>
			<key>isa</key>
			<string>PBXBuildFile</string>
		</dict>
		<key>1C0A72221AD52E8500D357FA</key>
		<dict>
			<key>isa</key>
			<string>PBXFileReference</string>
			<key>lastKnownFileType</key>
			<string>image.png</string>
			<key>path</key>
			<string>Default-568h@2x.png</string>
			<key>sourceTree</key>
			<string>&lt;group&gt;</string>
		</dict>
		<key>1C0A72231AD52E8500D357FA</key>
		<dict>
			<key>fileRef</key>
			<string>1C0A72221AD52E8500D357FA</string>
			<key>isa</key>
			<string>PBXBuildFile</string>
		</dict>
		<key>1C0A72241AD52EFD00D357FA</key>
		<dict>
			<key>children</key>
			<array>
				<string>1C5C9BEC1AE780A9001969C3</string>
				<string>1C5C9BF21AE780A9001969C3</string>
			</array>
			<key>isa</key>
			<string>PBXGroup</string>
			<key>path</key>
			<string>DaiStorage</string>
			<key>sourceTree</key>
			<string>&lt;group&gt;</string>
		</dict>
		<key>1C5C9BEC1AE780A9001969C3</key>
		<dict>
			<key>children</key>
			<array>
				<string>1C5C9BF11AE780A9001969C3</string>
				<string>1C5C9BED1AE780A9001969C3</string>
				<string>1C5C9BEE1AE780A9001969C3</string>
				<string>1C5C9BEF1AE780A9001969C3</string>
				<string>1C5C9BF01AE780A9001969C3</string>
			</array>
			<key>isa</key>
			<string>PBXGroup</string>
			<key>path</key>
			<string>Core</string>
			<key>sourceTree</key>
			<string>&lt;group&gt;</string>
		</dict>
		<key>1C5C9BED1AE780A9001969C3</key>
		<dict>
			<key>fileEncoding</key>
			<string>4</string>
			<key>isa</key>
			<string>PBXFileReference</string>
			<key>lastKnownFileType</key>
			<string>sourcecode.c.h</string>
			<key>path</key>
			<string>DaiStorage.h</string>
			<key>sourceTree</key>
			<string>&lt;group&gt;</string>
		</dict>
		<key>1C5C9BEE1AE780A9001969C3</key>
		<dict>
			<key>fileEncoding</key>
			<string>4</string>
			<key>isa</key>
			<string>PBXFileReference</string>
			<key>lastKnownFileType</key>
			<string>sourcecode.c.objc</string>
			<key>path</key>
			<string>DaiStorage.m</string>
			<key>sourceTree</key>
			<string>&lt;group&gt;</string>
		</dict>
		<key>1C5C9BEF1AE780A9001969C3</key>
		<dict>
			<key>fileEncoding</key>
			<string>4</string>
			<key>isa</key>
			<string>PBXFileReference</string>
			<key>lastKnownFileType</key>
			<string>sourcecode.c.h</string>
			<key>path</key>
			<string>DaiStorageArray.h</string>
			<key>sourceTree</key>
			<string>&lt;group&gt;</string>
		</dict>
		<key>1C5C9BF01AE780A9001969C3</key>
		<dict>
			<key>fileEncoding</key>
			<string>4</string>
			<key>isa</key>
			<string>PBXFileReference</string>
			<key>lastKnownFileType</key>
			<string>sourcecode.c.objc</string>
			<key>path</key>
			<string>DaiStorageArray.m</string>
			<key>sourceTree</key>
			<string>&lt;group&gt;</string>
		</dict>
		<key>1C5C9BF11AE780A9001969C3</key>
		<dict>
			<key>fileEncoding</key>
			<string>4</string>
			<key>isa</key>
			<string>PBXFileReference</string>
			<key>lastKnownFileType</key>
			<string>sourcecode.c.h</string>
			<key>path</key>
			<string>DaiStorageDefine.h</string>
			<key>sourceTree</key>
			<string>&lt;group&gt;</string>
		</dict>
		<key>1C5C9BF21AE780A9001969C3</key>
		<dict>
			<key>children</key>
			<array>
				<string>1C5C9BF31AE780A9001969C3</string>
				<string>1C5C9BF41AE780A9001969C3</string>
				<string>1C5C9BF51AE780A9001969C3</string>
				<string>1C5C9BF61AE780A9001969C3</string>
				<string>1C83A9141AEA58B7008800C7</string>
				<string>1C83A9151AEA58B7008800C7</string>
				<string>1C5C9BF71AE780A9001969C3</string>
				<string>1C5C9BF81AE780A9001969C3</string>
			</array>
			<key>isa</key>
			<string>PBXGroup</string>
			<key>path</key>
			<string>Utility</string>
			<key>sourceTree</key>
			<string>&lt;group&gt;</string>
		</dict>
		<key>1C5C9BF31AE780A9001969C3</key>
		<dict>
			<key>fileEncoding</key>
			<string>4</string>
			<key>isa</key>
			<string>PBXFileReference</string>
			<key>lastKnownFileType</key>
			<string>sourcecode.c.h</string>
			<key>path</key>
			<string>DaiStoragePath.h</string>
			<key>sourceTree</key>
			<string>&lt;group&gt;</string>
		</dict>
		<key>1C5C9BF41AE780A9001969C3</key>
		<dict>
			<key>fileEncoding</key>
			<string>4</string>
			<key>isa</key>
			<string>PBXFileReference</string>
			<key>lastKnownFileType</key>
			<string>sourcecode.c.objc</string>
			<key>path</key>
			<string>DaiStoragePath.m</string>
			<key>sourceTree</key>
			<string>&lt;group&gt;</string>
		</dict>
		<key>1C5C9BF51AE780A9001969C3</key>
		<dict>
			<key>fileEncoding</key>
			<string>4</string>
			<key>isa</key>
			<string>PBXFileReference</string>
			<key>lastKnownFileType</key>
			<string>sourcecode.c.h</string>
			<key>path</key>
			<string>DaiStorageProperty.h</string>
			<key>sourceTree</key>
			<string>&lt;group&gt;</string>
		</dict>
		<key>1C5C9BF61AE780A9001969C3</key>
		<dict>
			<key>fileEncoding</key>
			<string>4</string>
			<key>isa</key>
			<string>PBXFileReference</string>
			<key>lastKnownFileType</key>
			<string>sourcecode.c.objc</string>
			<key>path</key>
			<string>DaiStorageProperty.m</string>
			<key>sourceTree</key>
			<string>&lt;group&gt;</string>
		</dict>
		<key>1C5C9BF71AE780A9001969C3</key>
		<dict>
			<key>fileEncoding</key>
			<string>4</string>
			<key>isa</key>
			<string>PBXFileReference</string>
			<key>lastKnownFileType</key>
			<string>sourcecode.c.h</string>
			<key>path</key>
			<string>DaiStorageTypeChecking.h</string>
			<key>sourceTree</key>
			<string>&lt;group&gt;</string>
		</dict>
		<key>1C5C9BF81AE780A9001969C3</key>
		<dict>
			<key>fileEncoding</key>
			<string>4</string>
			<key>isa</key>
			<string>PBXFileReference</string>
			<key>lastKnownFileType</key>
			<string>sourcecode.c.objc</string>
			<key>path</key>
			<string>DaiStorageTypeChecking.m</string>
			<key>sourceTree</key>
			<string>&lt;group&gt;</string>
		</dict>
		<key>1C5C9BF91AE780A9001969C3</key>
		<dict>
			<key>fileRef</key>
			<string>1C5C9BEE1AE780A9001969C3</string>
			<key>isa</key>
			<string>PBXBuildFile</string>
		</dict>
		<key>1C5C9BFA1AE780A9001969C3</key>
		<dict>
			<key>fileRef</key>
			<string>1C5C9BF01AE780A9001969C3</string>
			<key>isa</key>
			<string>PBXBuildFile</string>
		</dict>
		<key>1C5C9BFB1AE780A9001969C3</key>
		<dict>
			<key>fileRef</key>
			<string>1C5C9BF41AE780A9001969C3</string>
			<key>isa</key>
			<string>PBXBuildFile</string>
		</dict>
		<key>1C5C9BFC1AE780A9001969C3</key>
		<dict>
			<key>fileRef</key>
			<string>1C5C9BF61AE780A9001969C3</string>
			<key>isa</key>
			<string>PBXBuildFile</string>
		</dict>
		<key>1C5C9BFD1AE780A9001969C3</key>
		<dict>
			<key>fileRef</key>
			<string>1C5C9BF81AE780A9001969C3</string>
			<key>isa</key>
			<string>PBXBuildFile</string>
		</dict>
		<key>1C5C9BFE1AE780DE001969C3</key>
		<dict>
			<key>fileRef</key>
			<string>1C5C9BEE1AE780A9001969C3</string>
			<key>isa</key>
			<string>PBXBuildFile</string>
		</dict>
		<key>1C5C9BFF1AE780DE001969C3</key>
		<dict>
			<key>fileRef</key>
			<string>1C5C9BF01AE780A9001969C3</string>
			<key>isa</key>
			<string>PBXBuildFile</string>
		</dict>
		<key>1C5C9C001AE780DE001969C3</key>
		<dict>
			<key>fileRef</key>
			<string>1C5C9BF41AE780A9001969C3</string>
			<key>isa</key>
			<string>PBXBuildFile</string>
		</dict>
		<key>1C5C9C011AE780DE001969C3</key>
		<dict>
			<key>fileRef</key>
			<string>1C5C9BF61AE780A9001969C3</string>
			<key>isa</key>
			<string>PBXBuildFile</string>
		</dict>
		<key>1C5C9C021AE780DE001969C3</key>
		<dict>
			<key>fileRef</key>
			<string>1C5C9BF81AE780A9001969C3</string>
			<key>isa</key>
			<string>PBXBuildFile</string>
		</dict>
		<key>1C83A9141AEA58B7008800C7</key>
		<dict>
			<key>fileEncoding</key>
			<string>4</string>
			<key>isa</key>
			<string>PBXFileReference</string>
			<key>lastKnownFileType</key>
			<string>sourcecode.c.h</string>
			<key>path</key>
			<string>DaiStoragePropertiesInObject.h</string>
			<key>sourceTree</key>
			<string>&lt;group&gt;</string>
		</dict>
		<key>1C83A9151AEA58B7008800C7</key>
		<dict>
			<key>fileEncoding</key>
			<string>4</string>
			<key>isa</key>
			<string>PBXFileReference</string>
			<key>lastKnownFileType</key>
			<string>sourcecode.c.objc</string>
			<key>path</key>
			<string>DaiStoragePropertiesInObject.m</string>
			<key>sourceTree</key>
			<string>&lt;group&gt;</string>
		</dict>
		<key>1C83A9161AEA58B7008800C7</key>
		<dict>
			<key>fileRef</key>
			<string>1C83A9151AEA58B7008800C7</string>
			<key>isa</key>
			<string>PBXBuildFile</string>
		</dict>
		<key>1CCF8B5E1AE781C300F8E229</key>
		<dict>
			<key>children</key>
			<array>
				<string>1CCF8B5F1AE7820F00F8E229</string>
				<string>1CCF8B601AE7820F00F8E229</string>
				<string>1CCF8B621AE7828400F8E229</string>
				<string>1CCF8B631AE7828400F8E229</string>
				<string>1CCF8B651AE784B800F8E229</string>
				<string>1CCF8B661AE784B800F8E229</string>
			</array>
			<key>isa</key>
			<string>PBXGroup</string>
			<key>path</key>
			<string>TestingModel</string>
			<key>sourceTree</key>
			<string>&lt;group&gt;</string>
		</dict>
		<key>1CCF8B5F1AE7820F00F8E229</key>
		<dict>
			<key>fileEncoding</key>
			<string>4</string>
			<key>isa</key>
			<string>PBXFileReference</string>
			<key>lastKnownFileType</key>
			<string>sourcecode.c.h</string>
			<key>path</key>
			<string>Classroom.h</string>
			<key>sourceTree</key>
			<string>&lt;group&gt;</string>
		</dict>
		<key>1CCF8B601AE7820F00F8E229</key>
		<dict>
			<key>fileEncoding</key>
			<string>4</string>
			<key>isa</key>
			<string>PBXFileReference</string>
			<key>lastKnownFileType</key>
			<string>sourcecode.c.objc</string>
			<key>path</key>
			<string>Classroom.m</string>
			<key>sourceTree</key>
			<string>&lt;group&gt;</string>
		</dict>
		<key>1CCF8B611AE7820F00F8E229</key>
		<dict>
			<key>fileRef</key>
			<string>1CCF8B601AE7820F00F8E229</string>
			<key>isa</key>
			<string>PBXBuildFile</string>
		</dict>
		<key>1CCF8B621AE7828400F8E229</key>
		<dict>
			<key>fileEncoding</key>
			<string>4</string>
			<key>isa</key>
			<string>PBXFileReference</string>
			<key>lastKnownFileType</key>
			<string>sourcecode.c.h</string>
			<key>path</key>
			<string>Student.h</string>
			<key>sourceTree</key>
			<string>&lt;group&gt;</string>
		</dict>
		<key>1CCF8B631AE7828400F8E229</key>
		<dict>
			<key>fileEncoding</key>
			<string>4</string>
			<key>isa</key>
			<string>PBXFileReference</string>
			<key>lastKnownFileType</key>
			<string>sourcecode.c.objc</string>
			<key>path</key>
			<string>Student.m</string>
			<key>sourceTree</key>
			<string>&lt;group&gt;</string>
		</dict>
		<key>1CCF8B641AE7828400F8E229</key>
		<dict>
			<key>fileRef</key>
			<string>1CCF8B631AE7828400F8E229</string>
			<key>isa</key>
			<string>PBXBuildFile</string>
		</dict>
		<key>1CCF8B651AE784B800F8E229</key>
		<dict>
			<key>fileEncoding</key>
			<string>4</string>
			<key>isa</key>
			<string>PBXFileReference</string>
			<key>lastKnownFileType</key>
			<string>sourcecode.c.h</string>
			<key>path</key>
			<string>Pet.h</string>
			<key>sourceTree</key>
			<string>&lt;group&gt;</string>
		</dict>
		<key>1CCF8B661AE784B800F8E229</key>
		<dict>
			<key>fileEncoding</key>
			<string>4</string>
			<key>isa</key>
			<string>PBXFileReference</string>
			<key>lastKnownFileType</key>
			<string>sourcecode.c.objc</string>
			<key>path</key>
			<string>Pet.m</string>
			<key>sourceTree</key>
			<string>&lt;group&gt;</string>
		</dict>
		<key>1CCF8B671AE784B800F8E229</key>
		<dict>
			<key>fileRef</key>
			<string>1CCF8B661AE784B800F8E229</string>
			<key>isa</key>
			<string>PBXBuildFile</string>
		</dict>
		<key>1CCF8B681AE78A4F00F8E229</key>
		<dict>
			<key>fileRef</key>
			<string>1CCF8B601AE7820F00F8E229</string>
			<key>isa</key>
			<string>PBXBuildFile</string>
		</dict>
		<key>1CCF8B691AE78A4F00F8E229</key>
		<dict>
			<key>fileRef</key>
			<string>1CCF8B631AE7828400F8E229</string>
			<key>isa</key>
			<string>PBXBuildFile</string>
		</dict>
		<key>1CCF8B6A1AE78A4F00F8E229</key>
		<dict>
			<key>fileRef</key>
			<string>1CCF8B661AE784B800F8E229</string>
			<key>isa</key>
			<string>PBXBuildFile</string>
		</dict>
		<key>1D4726A633B697DB65C07656</key>
		<dict>
			<key>fileRef</key>
			<string>D87EAFA2ED03C831A481CE22</string>
			<key>isa</key>
			<string>PBXBuildFile</string>
		</dict>
		<key>21C73C6B8202F415EAD29118</key>
		<dict>
			<key>children</key>
			<array>
				<string>B40961755F5C77A781755D15</string>
			</array>
			<key>isa</key>
			<string>PBXGroup</string>
			<key>name</key>
			<string>iOS</string>
			<key>sourceTree</key>
			<string>&lt;group&gt;</string>
		</dict>
		<key>37F0E4E2C35D6388BFD3285B</key>
		<dict>
			<key>containerPortal</key>
			<string>1C0A71EC1AD52DFE00D357FA</string>
			<key>isa</key>
			<string>PBXContainerItemProxy</string>
			<key>proxyType</key>
			<string>1</string>
			<key>remoteGlobalIDString</key>
			<string>1C0A71F31AD52DFE00D357FA</string>
			<key>remoteInfo</key>
			<string>DaiStorage</string>
		</dict>
		<key>4C215AFB2D8C15982DCDC4CD</key>
		<dict>
			<key>includeInIndex</key>
			<string>1</string>
			<key>isa</key>
			<string>PBXFileReference</string>
			<key>lastKnownFileType</key>
			<string>sourcecode.c.objc</string>
			<key>name</key>
			<string>DaiStorageTypeCheckingTest.m</string>
			<key>path</key>
			<string>Tests/DaiStorageTypeCheckingTest.m</string>
			<key>sourceTree</key>
			<string>&lt;group&gt;</string>
		</dict>
		<key>580C672DC9F18547070920B9</key>
		<dict>
			<key>includeInIndex</key>
			<string>1</string>
			<key>isa</key>
			<string>PBXFileReference</string>
			<key>lastKnownFileType</key>
			<string>sourcecode.c.objc</string>
			<key>name</key>
			<string>DaiStorageTest.m</string>
			<key>path</key>
			<string>Tests/DaiStorageTest.m</string>
			<key>sourceTree</key>
			<string>&lt;group&gt;</string>
		</dict>
		<key>5ABBDB1D7BB0D7B84A894649</key>
		<dict>
			<key>explicitFileType</key>
			<string>wrapper.application</string>
			<key>includeInIndex</key>
			<string>0</string>
			<key>isa</key>
			<string>PBXFileReference</string>
			<key>path</key>
			<string>Tests.app</string>
			<key>sourceTree</key>
			<string>BUILT_PRODUCTS_DIR</string>
		</dict>
		<key>5B0C0F65F84D6260E39DDD31</key>
		<dict>
			<key>buildActionMask</key>
			<string>2147483647</string>
			<key>files</key>
			<array/>
			<key>inputPaths</key>
			<array/>
			<key>isa</key>
			<string>PBXShellScriptBuildPhase</string>
			<key>name</key>
			<string>Check Pods Manifest.lock</string>
			<key>outputPaths</key>
			<array/>
			<key>runOnlyForDeploymentPostprocessing</key>
			<string>0</string>
			<key>shellPath</key>
			<string>/bin/sh</string>
			<key>shellScript</key>
			<string>diff "${PODS_ROOT}/../Podfile.lock" "${PODS_ROOT}/Manifest.lock" &gt; /dev/null
if [[ $? != 0 ]] ; then
    cat &lt;&lt; EOM
error: The sandbox is not in sync with the Podfile.lock. Run 'pod install' or update your CocoaPods installation.
EOM
    exit 1
fi
</string>
			<key>showEnvVarsInLog</key>
			<string>0</string>
		</dict>
		<key>5B7DB57BFCB01B0195865561</key>
		<dict>
			<key>buildConfigurationList</key>
			<string>D6930AEEC9606B05F4118A9F</string>
			<key>buildPhases</key>
			<array>
				<string>5B0C0F65F84D6260E39DDD31</string>
				<string>60CC60C4081150127CB2E09A</string>
				<string>F5EC074120E316E058A64228</string>
				<string>D92ADCEC5198D9B5FB575B6C</string>
				<string>1AAFABB19957C5A4F2CFC73B</string>
			</array>
			<key>buildRules</key>
			<array/>
			<key>dependencies</key>
			<array>
				<string>CB7113FFE621A8C3749483EA</string>
			</array>
			<key>isa</key>
			<string>PBXNativeTarget</string>
			<key>name</key>
			<string>Tests</string>
			<key>productName</key>
			<string>Tests</string>
			<key>productReference</key>
			<string>5ABBDB1D7BB0D7B84A894649</string>
			<key>productType</key>
			<string>com.apple.product-type.application</string>
		</dict>
		<key>60CC60C4081150127CB2E09A</key>
		<dict>
			<key>buildActionMask</key>
			<string>2147483647</string>
			<key>files</key>
			<array>
				<string>018CCA181AEE7BFD00D92EA5</string>
				<string>1CCF8B681AE78A4F00F8E229</string>
				<string>1CCF8B691AE78A4F00F8E229</string>
				<string>1CCF8B6A1AE78A4F00F8E229</string>
				<string>1C5C9BFE1AE780DE001969C3</string>
				<string>1C5C9BFF1AE780DE001969C3</string>
				<string>1C5C9C001AE780DE001969C3</string>
				<string>1C5C9C011AE780DE001969C3</string>
				<string>1C5C9C021AE780DE001969C3</string>
				<string>BB263893632B88844540AB79</string>
				<string>628C3B9B9947003A718CD3BA</string>
				<string>CAE2C9D19571DE256073F25C</string>
				<string>1D4726A633B697DB65C07656</string>
			</array>
			<key>isa</key>
			<string>PBXSourcesBuildPhase</string>
			<key>runOnlyForDeploymentPostprocessing</key>
			<string>0</string>
		</dict>
		<key>628C3B9B9947003A718CD3BA</key>
		<dict>
			<key>fileRef</key>
			<string>580C672DC9F18547070920B9</string>
			<key>isa</key>
			<string>PBXBuildFile</string>
		</dict>
		<key>7441069DC4664DD3157805FF</key>
		<dict>
			<key>fileRef</key>
			<string>8BD9D0D1BF4E897642CF2488</string>
			<key>isa</key>
			<string>PBXBuildFile</string>
		</dict>
		<key>795263AA10AB6A93DE22B668</key>
		<dict>
			<key>children</key>
			<array>
				<string>21C73C6B8202F415EAD29118</string>
				<string>8BD9D0D1BF4E897642CF2488</string>
			</array>
			<key>isa</key>
			<string>PBXGroup</string>
			<key>name</key>
			<string>Frameworks</string>
			<key>sourceTree</key>
			<string>&lt;group&gt;</string>
		</dict>
		<key>84D118FC5DB1C79D9414D2F1</key>
		<dict>
			<key>baseConfigurationReference</key>
			<string>001886EA815B1B87686399DC</string>
			<key>buildSettings</key>
			<dict>
				<key>ASSETCATALOG_COMPILER_APPICON_NAME</key>
				<string>AppIcon</string>
				<key>CODE_SIGN_IDENTITY[sdk=iphoneos*]</key>
				<string>iPhone Developer</string>
				<key>ENABLE_STRICT_OBJC_MSGSEND</key>
				<string>YES</string>
				<key>INFOPLIST_FILE</key>
				<string>Tests/Tests-Info.plist</string>
				<key>IPHONEOS_DEPLOYMENT_TARGET</key>
				<string>7.0</string>
				<key>LD_RUNPATH_SEARCH_PATHS</key>
				<string>$(inherited) @executable_path/Frameworks</string>
				<key>MTL_ENABLE_DEBUG_INFO</key>
				<string>NO</string>
				<key>PRODUCT_NAME</key>
				<string>$(TARGET_NAME)</string>
				<key>SDKROOT</key>
				<string>iphoneos</string>
			</dict>
			<key>isa</key>
			<string>XCBuildConfiguration</string>
			<key>name</key>
			<string>Release</string>
		</dict>
		<key>8BD9D0D1BF4E897642CF2488</key>
		<dict>
			<key>explicitFileType</key>
			<string>archive.ar</string>
			<key>includeInIndex</key>
			<string>0</string>
			<key>isa</key>
			<string>PBXFileReference</string>
			<key>path</key>
			<string>libPods-Tests.a</string>
			<key>sourceTree</key>
			<string>BUILT_PRODUCTS_DIR</string>
		</dict>
		<key>B40961755F5C77A781755D15</key>
		<dict>
			<key>isa</key>
			<string>PBXFileReference</string>
			<key>lastKnownFileType</key>
			<string>wrapper.framework</string>
			<key>name</key>
			<string>Foundation.framework</string>
			<key>path</key>
			<string>Platforms/iPhoneOS.platform/Developer/SDKs/iPhoneOS7.1.sdk/System/Library/Frameworks/Foundation.framework</string>
			<key>sourceTree</key>
			<string>DEVELOPER_DIR</string>
		</dict>
		<key>BB263893632B88844540AB79</key>
		<dict>
			<key>fileRef</key>
			<string>EE4CF93DE6383EF1C59C3AC4</string>
			<key>isa</key>
			<string>PBXBuildFile</string>
		</dict>
		<key>BC1A7D1BE8FCB4F510F0BC60</key>
		<dict>
			<key>includeInIndex</key>
			<string>1</string>
			<key>isa</key>
			<string>PBXFileReference</string>
			<key>lastKnownFileType</key>
			<string>text.xcconfig</string>
			<key>name</key>
			<string>Pods-Tests.debug.xcconfig</string>
			<key>path</key>
			<string>Pods/Target Support Files/Pods-Tests/Pods-Tests.debug.xcconfig</string>
			<key>sourceTree</key>
			<string>&lt;group&gt;</string>
		</dict>
		<key>CAE2C9D19571DE256073F25C</key>
		<dict>
			<key>fileRef</key>
			<string>4C215AFB2D8C15982DCDC4CD</string>
			<key>isa</key>
			<string>PBXBuildFile</string>
		</dict>
		<key>CB7113FFE621A8C3749483EA</key>
		<dict>
			<key>isa</key>
			<string>PBXTargetDependency</string>
			<key>name</key>
			<string>DaiStorage</string>
			<key>target</key>
			<string>1C0A71F31AD52DFE00D357FA</string>
			<key>targetProxy</key>
			<string>37F0E4E2C35D6388BFD3285B</string>
		</dict>
		<key>D6930AEEC9606B05F4118A9F</key>
		<dict>
			<key>buildConfigurations</key>
			<array>
				<string>84D118FC5DB1C79D9414D2F1</string>
				<string>0B2E34207D3322142B931E30</string>
			</array>
			<key>defaultConfigurationIsVisible</key>
			<string>0</string>
			<key>defaultConfigurationName</key>
			<string>Release</string>
			<key>isa</key>
			<string>XCConfigurationList</string>
		</dict>
		<key>D87EAFA2ED03C831A481CE22</key>
		<dict>
			<key>includeInIndex</key>
			<string>1</string>
			<key>isa</key>
			<string>PBXFileReference</string>
			<key>lastKnownFileType</key>
			<string>sourcecode.c.objc</string>
			<key>name</key>
			<string>DaiStoragePropertyTests.m</string>
			<key>path</key>
			<string>Tests/DaiStoragePropertyTests.m</string>
			<key>sourceTree</key>
			<string>&lt;group&gt;</string>
		</dict>
		<key>D8C54F76CA829C48F0F95C70</key>
		<dict>
			<key>fileRef</key>
			<string>B40961755F5C77A781755D15</string>
			<key>isa</key>
			<string>PBXBuildFile</string>
		</dict>
		<key>D92ADCEC5198D9B5FB575B6C</key>
		<dict>
			<key>buildActionMask</key>
			<string>2147483647</string>
			<key>files</key>
			<array/>
			<key>isa</key>
			<string>PBXResourcesBuildPhase</string>
			<key>runOnlyForDeploymentPostprocessing</key>
			<string>0</string>
		</dict>
		<key>E6664358EC204A35A30DB687</key>
		<dict>
			<key>children</key>
			<array>
				<string>001886EA815B1B87686399DC</string>
				<string>BC1A7D1BE8FCB4F510F0BC60</string>
			</array>
			<key>isa</key>
			<string>PBXGroup</string>
			<key>name</key>
			<string>Pods</string>
			<key>sourceTree</key>
			<string>&lt;group&gt;</string>
		</dict>
		<key>EE4CF93DE6383EF1C59C3AC4</key>
		<dict>
			<key>includeInIndex</key>
			<string>1</string>
			<key>isa</key>
			<string>PBXFileReference</string>
			<key>lastKnownFileType</key>
			<string>sourcecode.c.objc</string>
			<key>name</key>
			<string>main.m</string>
			<key>path</key>
			<string>Tests/main.m</string>
			<key>sourceTree</key>
			<string>&lt;group&gt;</string>
		</dict>
		<key>F5EC074120E316E058A64228</key>
		<dict>
			<key>buildActionMask</key>
			<string>2147483647</string>
			<key>files</key>
			<array>
				<string>D8C54F76CA829C48F0F95C70</string>
				<string>7441069DC4664DD3157805FF</string>
			</array>
			<key>isa</key>
			<string>PBXFrameworksBuildPhase</string>
			<key>runOnlyForDeploymentPostprocessing</key>
			<string>0</string>
		</dict>
	</dict>
	<key>rootObject</key>
	<string>1C0A71EC1AD52DFE00D357FA</string>
</dict>
</plist>
